version = 1
revision = 1
requires-python = ">=3.13"

[[package]]
name = "annotated-types"
version = "0.7.0"
source = { registry = "https://pypi.org/simple" }
sdist = { url = "https://files.pythonhosted.org/packages/ee/67/531ea369ba64dcff5ec9c3402f9f51bf748cec26dde048a2f973a4eea7f5/annotated_types-0.7.0.tar.gz", hash = "sha256:aff07c09a53a08bc8cfccb9c85b05f1aa9a2a6f23728d790723543408344ce89", size = 16081 }
wheels = [
    { url = "https://files.pythonhosted.org/packages/78/b6/6307fbef88d9b5ee7421e68d78a9f162e0da4900bc5f5793f6d3d0e34fb8/annotated_types-0.7.0-py3-none-any.whl", hash = "sha256:1f02e8b43a8fbbc3f3e0d4f0f4bfc8131bcb4eebe8849b8e5c773f3a1c582a53", size = 13643 },
]

[[package]]
name = "anyio"
version = "4.9.0"
source = { registry = "https://pypi.org/simple" }
dependencies = [
    { name = "idna" },
    { name = "sniffio" },
]
sdist = { url = "https://files.pythonhosted.org/packages/95/7d/4c1bd541d4dffa1b52bd83fb8527089e097a106fc90b467a7313b105f840/anyio-4.9.0.tar.gz", hash = "sha256:673c0c244e15788651a4ff38710fea9675823028a6f08a5eda409e0c9840a028", size = 190949 }
wheels = [
    { url = "https://files.pythonhosted.org/packages/a1/ee/48ca1a7c89ffec8b6a0c5d02b89c305671d5ffd8d3c94acf8b8c408575bb/anyio-4.9.0-py3-none-any.whl", hash = "sha256:9f76d541cad6e36af7beb62e978876f3b41e3e04f2c1fbf0884604c0a9c4d93c", size = 100916 },
]

[[package]]
name = "audioop-lts"
version = "0.2.1"
source = { registry = "https://pypi.org/simple" }
sdist = { url = "https://files.pythonhosted.org/packages/dd/3b/69ff8a885e4c1c42014c2765275c4bd91fe7bc9847e9d8543dbcbb09f820/audioop_lts-0.2.1.tar.gz", hash = "sha256:e81268da0baa880431b68b1308ab7257eb33f356e57a5f9b1f915dfb13dd1387", size = 30204 }
wheels = [
    { url = "https://files.pythonhosted.org/packages/01/91/a219253cc6e92db2ebeaf5cf8197f71d995df6f6b16091d1f3ce62cb169d/audioop_lts-0.2.1-cp313-abi3-macosx_10_13_universal2.whl", hash = "sha256:fd1345ae99e17e6910f47ce7d52673c6a1a70820d78b67de1b7abb3af29c426a", size = 46252 },
    { url = "https://files.pythonhosted.org/packages/ec/f6/3cb21e0accd9e112d27cee3b1477cd04dafe88675c54ad8b0d56226c1e0b/audioop_lts-0.2.1-cp313-abi3-macosx_10_13_x86_64.whl", hash = "sha256:e175350da05d2087e12cea8e72a70a1a8b14a17e92ed2022952a4419689ede5e", size = 27183 },
    { url = "https://files.pythonhosted.org/packages/ea/7e/f94c8a6a8b2571694375b4cf94d3e5e0f529e8e6ba280fad4d8c70621f27/audioop_lts-0.2.1-cp313-abi3-macosx_11_0_arm64.whl", hash = "sha256:4a8dd6a81770f6ecf019c4b6d659e000dc26571b273953cef7cd1d5ce2ff3ae6", size = 26726 },
    { url = "https://files.pythonhosted.org/packages/ef/f8/a0e8e7a033b03fae2b16bc5aa48100b461c4f3a8a38af56d5ad579924a3a/audioop_lts-0.2.1-cp313-abi3-manylinux_2_17_aarch64.manylinux2014_aarch64.whl", hash = "sha256:d1cd3c0b6f2ca25c7d2b1c3adeecbe23e65689839ba73331ebc7d893fcda7ffe", size = 80718 },
    { url = "https://files.pythonhosted.org/packages/8f/ea/a98ebd4ed631c93b8b8f2368862cd8084d75c77a697248c24437c36a6f7e/audioop_lts-0.2.1-cp313-abi3-manylinux_2_17_ppc64le.manylinux2014_ppc64le.whl", hash = "sha256:ff3f97b3372c97782e9c6d3d7fdbe83bce8f70de719605bd7ee1839cd1ab360a", size = 88326 },
    { url = "https://files.pythonhosted.org/packages/33/79/e97a9f9daac0982aa92db1199339bd393594d9a4196ad95ae088635a105f/audioop_lts-0.2.1-cp313-abi3-manylinux_2_17_s390x.manylinux2014_s390x.whl", hash = "sha256:a351af79edefc2a1bd2234bfd8b339935f389209943043913a919df4b0f13300", size = 80539 },
    { url = "https://files.pythonhosted.org/packages/b2/d3/1051d80e6f2d6f4773f90c07e73743a1e19fcd31af58ff4e8ef0375d3a80/audioop_lts-0.2.1-cp313-abi3-manylinux_2_5_i686.manylinux1_i686.manylinux_2_17_i686.manylinux2014_i686.whl", hash = "sha256:2aeb6f96f7f6da80354330470b9134d81b4cf544cdd1c549f2f45fe964d28059", size = 78577 },
    { url = "https://files.pythonhosted.org/packages/7a/1d/54f4c58bae8dc8c64a75071c7e98e105ddaca35449376fcb0180f6e3c9df/audioop_lts-0.2.1-cp313-abi3-manylinux_2_5_x86_64.manylinux1_x86_64.manylinux_2_17_x86_64.manylinux2014_x86_64.whl", hash = "sha256:c589f06407e8340e81962575fcffbba1e92671879a221186c3d4662de9fe804e", size = 82074 },
    { url = "https://files.pythonhosted.org/packages/36/89/2e78daa7cebbea57e72c0e1927413be4db675548a537cfba6a19040d52fa/audioop_lts-0.2.1-cp313-abi3-musllinux_1_2_aarch64.whl", hash = "sha256:fbae5d6925d7c26e712f0beda5ed69ebb40e14212c185d129b8dfbfcc335eb48", size = 84210 },
    { url = "https://files.pythonhosted.org/packages/a5/57/3ff8a74df2ec2fa6d2ae06ac86e4a27d6412dbb7d0e0d41024222744c7e0/audioop_lts-0.2.1-cp313-abi3-musllinux_1_2_i686.whl", hash = "sha256:d2d5434717f33117f29b5691fbdf142d36573d751716249a288fbb96ba26a281", size = 85664 },
    { url = "https://files.pythonhosted.org/packages/16/01/21cc4e5878f6edbc8e54be4c108d7cb9cb6202313cfe98e4ece6064580dd/audioop_lts-0.2.1-cp313-abi3-musllinux_1_2_ppc64le.whl", hash = "sha256:f626a01c0a186b08f7ff61431c01c055961ee28769591efa8800beadd27a2959", size = 93255 },
    { url = "https://files.pythonhosted.org/packages/3e/28/7f7418c362a899ac3b0bf13b1fde2d4ffccfdeb6a859abd26f2d142a1d58/audioop_lts-0.2.1-cp313-abi3-musllinux_1_2_s390x.whl", hash = "sha256:05da64e73837f88ee5c6217d732d2584cf638003ac72df124740460531e95e47", size = 87760 },
    { url = "https://files.pythonhosted.org/packages/6d/d8/577a8be87dc7dd2ba568895045cee7d32e81d85a7e44a29000fe02c4d9d4/audioop_lts-0.2.1-cp313-abi3-musllinux_1_2_x86_64.whl", hash = "sha256:56b7a0a4dba8e353436f31a932f3045d108a67b5943b30f85a5563f4d8488d77", size = 84992 },
    { url = "https://files.pythonhosted.org/packages/ef/9a/4699b0c4fcf89936d2bfb5425f55f1a8b86dff4237cfcc104946c9cd9858/audioop_lts-0.2.1-cp313-abi3-win32.whl", hash = "sha256:6e899eb8874dc2413b11926b5fb3857ec0ab55222840e38016a6ba2ea9b7d5e3", size = 26059 },
    { url = "https://files.pythonhosted.org/packages/3a/1c/1f88e9c5dd4785a547ce5fd1eb83fff832c00cc0e15c04c1119b02582d06/audioop_lts-0.2.1-cp313-abi3-win_amd64.whl", hash = "sha256:64562c5c771fb0a8b6262829b9b4f37a7b886c01b4d3ecdbae1d629717db08b4", size = 30412 },
    { url = "https://files.pythonhosted.org/packages/c4/e9/c123fd29d89a6402ad261516f848437472ccc602abb59bba522af45e281b/audioop_lts-0.2.1-cp313-abi3-win_arm64.whl", hash = "sha256:c45317debeb64002e980077642afbd977773a25fa3dfd7ed0c84dccfc1fafcb0", size = 23578 },
    { url = "https://files.pythonhosted.org/packages/7a/99/bb664a99561fd4266687e5cb8965e6ec31ba4ff7002c3fce3dc5ef2709db/audioop_lts-0.2.1-cp313-cp313t-macosx_10_13_universal2.whl", hash = "sha256:3827e3fce6fee4d69d96a3d00cd2ab07f3c0d844cb1e44e26f719b34a5b15455", size = 46827 },
    { url = "https://files.pythonhosted.org/packages/c4/e3/f664171e867e0768ab982715e744430cf323f1282eb2e11ebfb6ee4c4551/audioop_lts-0.2.1-cp313-cp313t-macosx_10_13_x86_64.whl", hash = "sha256:161249db9343b3c9780ca92c0be0d1ccbfecdbccac6844f3d0d44b9c4a00a17f", size = 27479 },
    { url = "https://files.pythonhosted.org/packages/a6/0d/2a79231ff54eb20e83b47e7610462ad6a2bea4e113fae5aa91c6547e7764/audioop_lts-0.2.1-cp313-cp313t-macosx_11_0_arm64.whl", hash = "sha256:5b7b4ff9de7a44e0ad2618afdc2ac920b91f4a6d3509520ee65339d4acde5abf", size = 27056 },
    { url = "https://files.pythonhosted.org/packages/86/46/342471398283bb0634f5a6df947806a423ba74b2e29e250c7ec0e3720e4f/audioop_lts-0.2.1-cp313-cp313t-manylinux_2_17_aarch64.manylinux2014_aarch64.whl", hash = "sha256:72e37f416adb43b0ced93419de0122b42753ee74e87070777b53c5d2241e7fab", size = 87802 },
    { url = "https://files.pythonhosted.org/packages/56/44/7a85b08d4ed55517634ff19ddfbd0af05bf8bfd39a204e4445cd0e6f0cc9/audioop_lts-0.2.1-cp313-cp313t-manylinux_2_17_ppc64le.manylinux2014_ppc64le.whl", hash = "sha256:534ce808e6bab6adb65548723c8cbe189a3379245db89b9d555c4210b4aaa9b6", size = 95016 },
    { url = "https://files.pythonhosted.org/packages/a8/2a/45edbca97ea9ee9e6bbbdb8d25613a36e16a4d1e14ae01557392f15cc8d3/audioop_lts-0.2.1-cp313-cp313t-manylinux_2_17_s390x.manylinux2014_s390x.whl", hash = "sha256:d2de9b6fb8b1cf9f03990b299a9112bfdf8b86b6987003ca9e8a6c4f56d39543", size = 87394 },
    { url = "https://files.pythonhosted.org/packages/14/ae/832bcbbef2c510629593bf46739374174606e25ac7d106b08d396b74c964/audioop_lts-0.2.1-cp313-cp313t-manylinux_2_5_i686.manylinux1_i686.manylinux_2_17_i686.manylinux2014_i686.whl", hash = "sha256:f24865991b5ed4b038add5edbf424639d1358144f4e2a3e7a84bc6ba23e35074", size = 84874 },
    { url = "https://files.pythonhosted.org/packages/26/1c/8023c3490798ed2f90dfe58ec3b26d7520a243ae9c0fc751ed3c9d8dbb69/audioop_lts-0.2.1-cp313-cp313t-manylinux_2_5_x86_64.manylinux1_x86_64.manylinux_2_17_x86_64.manylinux2014_x86_64.whl", hash = "sha256:2bdb3b7912ccd57ea53197943f1bbc67262dcf29802c4a6df79ec1c715d45a78", size = 88698 },
    { url = "https://files.pythonhosted.org/packages/2c/db/5379d953d4918278b1f04a5a64b2c112bd7aae8f81021009da0dcb77173c/audioop_lts-0.2.1-cp313-cp313t-musllinux_1_2_aarch64.whl", hash = "sha256:120678b208cca1158f0a12d667af592e067f7a50df9adc4dc8f6ad8d065a93fb", size = 90401 },
    { url = "https://files.pythonhosted.org/packages/99/6e/3c45d316705ab1aec2e69543a5b5e458d0d112a93d08994347fafef03d50/audioop_lts-0.2.1-cp313-cp313t-musllinux_1_2_i686.whl", hash = "sha256:54cd4520fc830b23c7d223693ed3e1b4d464997dd3abc7c15dce9a1f9bd76ab2", size = 91864 },
    { url = "https://files.pythonhosted.org/packages/08/58/6a371d8fed4f34debdb532c0b00942a84ebf3e7ad368e5edc26931d0e251/audioop_lts-0.2.1-cp313-cp313t-musllinux_1_2_ppc64le.whl", hash = "sha256:d6bd20c7a10abcb0fb3d8aaa7508c0bf3d40dfad7515c572014da4b979d3310a", size = 98796 },
    { url = "https://files.pythonhosted.org/packages/ee/77/d637aa35497e0034ff846fd3330d1db26bc6fd9dd79c406e1341188b06a2/audioop_lts-0.2.1-cp313-cp313t-musllinux_1_2_s390x.whl", hash = "sha256:f0ed1ad9bd862539ea875fb339ecb18fcc4148f8d9908f4502df28f94d23491a", size = 94116 },
    { url = "https://files.pythonhosted.org/packages/1a/60/7afc2abf46bbcf525a6ebc0305d85ab08dc2d1e2da72c48dbb35eee5b62c/audioop_lts-0.2.1-cp313-cp313t-musllinux_1_2_x86_64.whl", hash = "sha256:e1af3ff32b8c38a7d900382646e91f2fc515fd19dea37e9392275a5cbfdbff63", size = 91520 },
    { url = "https://files.pythonhosted.org/packages/65/6d/42d40da100be1afb661fd77c2b1c0dfab08af1540df57533621aea3db52a/audioop_lts-0.2.1-cp313-cp313t-win32.whl", hash = "sha256:f51bb55122a89f7a0817d7ac2319744b4640b5b446c4c3efcea5764ea99ae509", size = 26482 },
    { url = "https://files.pythonhosted.org/packages/01/09/f08494dca79f65212f5b273aecc5a2f96691bf3307cac29acfcf84300c01/audioop_lts-0.2.1-cp313-cp313t-win_amd64.whl", hash = "sha256:f0f2f336aa2aee2bce0b0dcc32bbba9178995454c7b979cf6ce086a8801e14c7", size = 30780 },
    { url = "https://files.pythonhosted.org/packages/5d/35/be73b6015511aa0173ec595fc579133b797ad532996f2998fd6b8d1bbe6b/audioop_lts-0.2.1-cp313-cp313t-win_arm64.whl", hash = "sha256:78bfb3703388c780edf900be66e07de5a3d4105ca8e8720c5c4d67927e0b15d0", size = 23918 },
]

[[package]]
name = "certifi"
version = "2025.4.26"
source = { registry = "https://pypi.org/simple" }
sdist = { url = "https://files.pythonhosted.org/packages/e8/9e/c05b3920a3b7d20d3d3310465f50348e5b3694f4f88c6daf736eef3024c4/certifi-2025.4.26.tar.gz", hash = "sha256:0a816057ea3cdefcef70270d2c515e4506bbc954f417fa5ade2021213bb8f0c6", size = 160705 }
wheels = [
    { url = "https://files.pythonhosted.org/packages/4a/7e/3db2bd1b1f9e95f7cddca6d6e75e2f2bd9f51b1246e546d88addca0106bd/certifi-2025.4.26-py3-none-any.whl", hash = "sha256:30350364dfe371162649852c63336a15c70c6510c2ad5015b21c2345311805f3", size = 159618 },
]

[[package]]
name = "charset-normalizer"
version = "3.4.2"
source = { registry = "https://pypi.org/simple" }
sdist = { url = "https://files.pythonhosted.org/packages/e4/33/89c2ced2b67d1c2a61c19c6751aa8902d46ce3dacb23600a283619f5a12d/charset_normalizer-3.4.2.tar.gz", hash = "sha256:5baececa9ecba31eff645232d59845c07aa030f0c81ee70184a90d35099a0e63", size = 126367 }
wheels = [
    { url = "https://files.pythonhosted.org/packages/ea/12/a93df3366ed32db1d907d7593a94f1fe6293903e3e92967bebd6950ed12c/charset_normalizer-3.4.2-cp313-cp313-macosx_10_13_universal2.whl", hash = "sha256:926ca93accd5d36ccdabd803392ddc3e03e6d4cd1cf17deff3b989ab8e9dbcf0", size = 199622 },
    { url = "https://files.pythonhosted.org/packages/04/93/bf204e6f344c39d9937d3c13c8cd5bbfc266472e51fc8c07cb7f64fcd2de/charset_normalizer-3.4.2-cp313-cp313-manylinux_2_17_aarch64.manylinux2014_aarch64.whl", hash = "sha256:eba9904b0f38a143592d9fc0e19e2df0fa2e41c3c3745554761c5f6447eedabf", size = 143435 },
    { url = "https://files.pythonhosted.org/packages/22/2a/ea8a2095b0bafa6c5b5a55ffdc2f924455233ee7b91c69b7edfcc9e02284/charset_normalizer-3.4.2-cp313-cp313-manylinux_2_17_ppc64le.manylinux2014_ppc64le.whl", hash = "sha256:3fddb7e2c84ac87ac3a947cb4e66d143ca5863ef48e4a5ecb83bd48619e4634e", size = 153653 },
    { url = "https://files.pythonhosted.org/packages/b6/57/1b090ff183d13cef485dfbe272e2fe57622a76694061353c59da52c9a659/charset_normalizer-3.4.2-cp313-cp313-manylinux_2_17_s390x.manylinux2014_s390x.whl", hash = "sha256:98f862da73774290f251b9df8d11161b6cf25b599a66baf087c1ffe340e9bfd1", size = 146231 },
    { url = "https://files.pythonhosted.org/packages/e2/28/ffc026b26f441fc67bd21ab7f03b313ab3fe46714a14b516f931abe1a2d8/charset_normalizer-3.4.2-cp313-cp313-manylinux_2_17_x86_64.manylinux2014_x86_64.whl", hash = "sha256:6c9379d65defcab82d07b2a9dfbfc2e95bc8fe0ebb1b176a3190230a3ef0e07c", size = 148243 },
    { url = "https://files.pythonhosted.org/packages/c0/0f/9abe9bd191629c33e69e47c6ef45ef99773320e9ad8e9cb08b8ab4a8d4cb/charset_normalizer-3.4.2-cp313-cp313-manylinux_2_5_i686.manylinux1_i686.manylinux_2_17_i686.manylinux2014_i686.whl", hash = "sha256:e635b87f01ebc977342e2697d05b56632f5f879a4f15955dfe8cef2448b51691", size = 150442 },
    { url = "https://files.pythonhosted.org/packages/67/7c/a123bbcedca91d5916c056407f89a7f5e8fdfce12ba825d7d6b9954a1a3c/charset_normalizer-3.4.2-cp313-cp313-musllinux_1_2_aarch64.whl", hash = "sha256:1c95a1e2902a8b722868587c0e1184ad5c55631de5afc0eb96bc4b0d738092c0", size = 145147 },
    { url = "https://files.pythonhosted.org/packages/ec/fe/1ac556fa4899d967b83e9893788e86b6af4d83e4726511eaaad035e36595/charset_normalizer-3.4.2-cp313-cp313-musllinux_1_2_i686.whl", hash = "sha256:ef8de666d6179b009dce7bcb2ad4c4a779f113f12caf8dc77f0162c29d20490b", size = 153057 },
    { url = "https://files.pythonhosted.org/packages/2b/ff/acfc0b0a70b19e3e54febdd5301a98b72fa07635e56f24f60502e954c461/charset_normalizer-3.4.2-cp313-cp313-musllinux_1_2_ppc64le.whl", hash = "sha256:32fc0341d72e0f73f80acb0a2c94216bd704f4f0bce10aedea38f30502b271ff", size = 156454 },
    { url = "https://files.pythonhosted.org/packages/92/08/95b458ce9c740d0645feb0e96cea1f5ec946ea9c580a94adfe0b617f3573/charset_normalizer-3.4.2-cp313-cp313-musllinux_1_2_s390x.whl", hash = "sha256:289200a18fa698949d2b39c671c2cc7a24d44096784e76614899a7ccf2574b7b", size = 154174 },
    { url = "https://files.pythonhosted.org/packages/78/be/8392efc43487ac051eee6c36d5fbd63032d78f7728cb37aebcc98191f1ff/charset_normalizer-3.4.2-cp313-cp313-musllinux_1_2_x86_64.whl", hash = "sha256:4a476b06fbcf359ad25d34a057b7219281286ae2477cc5ff5e3f70a246971148", size = 149166 },
    { url = "https://files.pythonhosted.org/packages/44/96/392abd49b094d30b91d9fbda6a69519e95802250b777841cf3bda8fe136c/charset_normalizer-3.4.2-cp313-cp313-win32.whl", hash = "sha256:aaeeb6a479c7667fbe1099af9617c83aaca22182d6cf8c53966491a0f1b7ffb7", size = 98064 },
    { url = "https://files.pythonhosted.org/packages/e9/b0/0200da600134e001d91851ddc797809e2fe0ea72de90e09bec5a2fbdaccb/charset_normalizer-3.4.2-cp313-cp313-win_amd64.whl", hash = "sha256:aa6af9e7d59f9c12b33ae4e9450619cf2488e2bbe9b44030905877f0b2324980", size = 105641 },
    { url = "https://files.pythonhosted.org/packages/20/94/c5790835a017658cbfabd07f3bfb549140c3ac458cfc196323996b10095a/charset_normalizer-3.4.2-py3-none-any.whl", hash = "sha256:7f56930ab0abd1c45cd15be65cc741c28b1c9a34876ce8c17a2fa107810c0af0", size = 52626 },
]

[[package]]
name = "click"
version = "8.1.8"
source = { registry = "https://pypi.org/simple" }
dependencies = [
    { name = "colorama", marker = "sys_platform == 'win32'" },
]
sdist = { url = "https://files.pythonhosted.org/packages/b9/2e/0090cbf739cee7d23781ad4b89a9894a41538e4fcf4c31dcdd705b78eb8b/click-8.1.8.tar.gz", hash = "sha256:ed53c9d8990d83c2a27deae68e4ee337473f6330c040a31d4225c9574d16096a", size = 226593 }
wheels = [
    { url = "https://files.pythonhosted.org/packages/7e/d4/7ebdbd03970677812aac39c869717059dbb71a4cfc033ca6e5221787892c/click-8.1.8-py3-none-any.whl", hash = "sha256:63c132bbbed01578a06712a2d1f497bb62d9c1c0d329b7903a866228027263b2", size = 98188 },
]

[[package]]
name = "colorama"
version = "0.4.6"
source = { registry = "https://pypi.org/simple" }
sdist = { url = "https://files.pythonhosted.org/packages/d8/53/6f443c9a4a8358a93a6792e2acffb9d9d5cb0a5cfd8802644b7b1c9a02e4/colorama-0.4.6.tar.gz", hash = "sha256:08695f5cb7ed6e0531a20572697297273c47b8cae5a63ffc6d6ed5c201be6e44", size = 27697 }
wheels = [
    { url = "https://files.pythonhosted.org/packages/d1/d6/3965ed04c63042e047cb6a3e6ed1a63a35087b6a609aa3a15ed8ac56c221/colorama-0.4.6-py2.py3-none-any.whl", hash = "sha256:4f1d9991f5acc0ca119f9d443620b77f9d6b33703e51011c16baf57afb285fc6", size = 25335 },
]

[[package]]
name = "distro"
version = "1.9.0"
source = { registry = "https://pypi.org/simple" }
sdist = { url = "https://files.pythonhosted.org/packages/fc/f8/98eea607f65de6527f8a2e8885fc8015d3e6f5775df186e443e0964a11c3/distro-1.9.0.tar.gz", hash = "sha256:2fa77c6fd8940f116ee1d6b94a2f90b13b5ea8d019b98bc8bafdcabcdd9bdbed", size = 60722 }
wheels = [
    { url = "https://files.pythonhosted.org/packages/12/b3/231ffd4ab1fc9d679809f356cebee130ac7daa00d6d6f3206dd4fd137e9e/distro-1.9.0-py3-none-any.whl", hash = "sha256:7bffd925d65168f85027d8da9af6bddab658135b840670a223589bc0c8ef02b2", size = 20277 },
]

[[package]]
name = "ecdsa"
version = "0.19.1"
source = { registry = "https://pypi.org/simple" }
dependencies = [
    { name = "six" },
]
sdist = { url = "https://files.pythonhosted.org/packages/c0/1f/924e3caae75f471eae4b26bd13b698f6af2c44279f67af317439c2f4c46a/ecdsa-0.19.1.tar.gz", hash = "sha256:478cba7b62555866fcb3bb3fe985e06decbdb68ef55713c4e5ab98c57d508e61", size = 201793 }
wheels = [
    { url = "https://files.pythonhosted.org/packages/cb/a3/460c57f094a4a165c84a1341c373b0a4f5ec6ac244b998d5021aade89b77/ecdsa-0.19.1-py2.py3-none-any.whl", hash = "sha256:30638e27cf77b7e15c4c4cc1973720149e1033827cfd00661ca5c8cc0cdb24c3", size = 150607 },
]

[[package]]
name = "fastapi"
version = "0.115.12"
source = { registry = "https://pypi.org/simple" }
dependencies = [
    { name = "pydantic" },
    { name = "starlette" },
    { name = "typing-extensions" },
]
sdist = { url = "https://files.pythonhosted.org/packages/f4/55/ae499352d82338331ca1e28c7f4a63bfd09479b16395dce38cf50a39e2c2/fastapi-0.115.12.tar.gz", hash = "sha256:1e2c2a2646905f9e83d32f04a3f86aff4a286669c6c950ca95b5fd68c2602681", size = 295236 }
wheels = [
    { url = "https://files.pythonhosted.org/packages/50/b3/b51f09c2ba432a576fe63758bddc81f78f0c6309d9e5c10d194313bf021e/fastapi-0.115.12-py3-none-any.whl", hash = "sha256:e94613d6c05e27be7ffebdd6ea5f388112e5e430c8f7d6494a9d1d88d43e814d", size = 95164 },
]

[[package]]
name = "h11"
version = "0.16.0"
source = { registry = "https://pypi.org/simple" }
sdist = { url = "https://files.pythonhosted.org/packages/01/ee/02a2c011bdab74c6fb3c75474d40b3052059d95df7e73351460c8588d963/h11-0.16.0.tar.gz", hash = "sha256:4e35b956cf45792e4caa5885e69fba00bdbc6ffafbfa020300e549b208ee5ff1", size = 101250 }
wheels = [
    { url = "https://files.pythonhosted.org/packages/04/4b/29cac41a4d98d144bf5f6d33995617b185d14b22401f75ca86f384e87ff1/h11-0.16.0-py3-none-any.whl", hash = "sha256:63cf8bbe7522de3bf65932fda1d9c2772064ffb3dae62d55932da54b31cb6c86", size = 37515 },
]

[[package]]
name = "httpcore"
version = "1.0.9"
source = { registry = "https://pypi.org/simple" }
dependencies = [
    { name = "certifi" },
    { name = "h11" },
]
sdist = { url = "https://files.pythonhosted.org/packages/06/94/82699a10bca87a5556c9c59b5963f2d039dbd239f25bc2a63907a05a14cb/httpcore-1.0.9.tar.gz", hash = "sha256:6e34463af53fd2ab5d807f399a9b45ea31c3dfa2276f15a2c3f00afff6e176e8", size = 85484 }
wheels = [
    { url = "https://files.pythonhosted.org/packages/7e/f5/f66802a942d491edb555dd61e3a9961140fd64c90bce1eafd741609d334d/httpcore-1.0.9-py3-none-any.whl", hash = "sha256:2d400746a40668fc9dec9810239072b40b4484b640a8c38fd654a024c7a1bf55", size = 78784 },
]

[[package]]
name = "httpx"
version = "0.28.1"
source = { registry = "https://pypi.org/simple" }
dependencies = [
    { name = "anyio" },
    { name = "certifi" },
    { name = "httpcore" },
    { name = "idna" },
]
sdist = { url = "https://files.pythonhosted.org/packages/b1/df/48c586a5fe32a0f01324ee087459e112ebb7224f646c0b5023f5e79e9956/httpx-0.28.1.tar.gz", hash = "sha256:75e98c5f16b0f35b567856f597f06ff2270a374470a5c2392242528e3e3e42fc", size = 141406 }
wheels = [
    { url = "https://files.pythonhosted.org/packages/2a/39/e50c7c3a983047577ee07d2a9e53faf5a69493943ec3f6a384bdc792deb2/httpx-0.28.1-py3-none-any.whl", hash = "sha256:d909fcccc110f8c7faf814ca82a9a4d816bc5a6dbfea25d6591d6985b8ba59ad", size = 73517 },
]

[[package]]
name = "idna"
version = "3.10"
source = { registry = "https://pypi.org/simple" }
sdist = { url = "https://files.pythonhosted.org/packages/f1/70/7703c29685631f5a7590aa73f1f1d3fa9a380e654b86af429e0934a32f7d/idna-3.10.tar.gz", hash = "sha256:12f65c9b470abda6dc35cf8e63cc574b1c52b11df2c86030af0ac09b01b13ea9", size = 190490 }
wheels = [
    { url = "https://files.pythonhosted.org/packages/76/c6/c88e154df9c4e1a2a66ccf0005a88dfb2650c1dffb6f5ce603dfbd452ce3/idna-3.10-py3-none-any.whl", hash = "sha256:946d195a0d259cbba61165e88e65941f16e9b36ea6ddb97f00452bae8b1287d3", size = 70442 },
]

[[package]]
name = "jiter"
version = "0.9.0"
source = { registry = "https://pypi.org/simple" }
sdist = { url = "https://files.pythonhosted.org/packages/1e/c2/e4562507f52f0af7036da125bb699602ead37a2332af0788f8e0a3417f36/jiter-0.9.0.tar.gz", hash = "sha256:aadba0964deb424daa24492abc3d229c60c4a31bfee205aedbf1acc7639d7893", size = 162604 }
wheels = [
    { url = "https://files.pythonhosted.org/packages/e7/1b/4cd165c362e8f2f520fdb43245e2b414f42a255921248b4f8b9c8d871ff1/jiter-0.9.0-cp313-cp313-macosx_10_12_x86_64.whl", hash = "sha256:2764891d3f3e8b18dce2cff24949153ee30c9239da7c00f032511091ba688ff7", size = 308197 },
    { url = "https://files.pythonhosted.org/packages/13/aa/7a890dfe29c84c9a82064a9fe36079c7c0309c91b70c380dc138f9bea44a/jiter-0.9.0-cp313-cp313-macosx_11_0_arm64.whl", hash = "sha256:387b22fbfd7a62418d5212b4638026d01723761c75c1c8232a8b8c37c2f1003b", size = 318160 },
    { url = "https://files.pythonhosted.org/packages/6a/38/5888b43fc01102f733f085673c4f0be5a298f69808ec63de55051754e390/jiter-0.9.0-cp313-cp313-manylinux_2_17_aarch64.manylinux2014_aarch64.whl", hash = "sha256:40d8da8629ccae3606c61d9184970423655fb4e33d03330bcdfe52d234d32f69", size = 341259 },
    { url = "https://files.pythonhosted.org/packages/3d/5e/bbdbb63305bcc01006de683b6228cd061458b9b7bb9b8d9bc348a58e5dc2/jiter-0.9.0-cp313-cp313-manylinux_2_17_armv7l.manylinux2014_armv7l.whl", hash = "sha256:a1be73d8982bdc278b7b9377426a4b44ceb5c7952073dd7488e4ae96b88e1103", size = 363730 },
    { url = "https://files.pythonhosted.org/packages/75/85/53a3edc616992fe4af6814c25f91ee3b1e22f7678e979b6ea82d3bc0667e/jiter-0.9.0-cp313-cp313-manylinux_2_17_ppc64le.manylinux2014_ppc64le.whl", hash = "sha256:2228eaaaa111ec54b9e89f7481bffb3972e9059301a878d085b2b449fbbde635", size = 405126 },
    { url = "https://files.pythonhosted.org/packages/ae/b3/1ee26b12b2693bd3f0b71d3188e4e5d817b12e3c630a09e099e0a89e28fa/jiter-0.9.0-cp313-cp313-manylinux_2_17_s390x.manylinux2014_s390x.whl", hash = "sha256:11509bfecbc319459647d4ac3fd391d26fdf530dad00c13c4dadabf5b81f01a4", size = 393668 },
    { url = "https://files.pythonhosted.org/packages/11/87/e084ce261950c1861773ab534d49127d1517b629478304d328493f980791/jiter-0.9.0-cp313-cp313-manylinux_2_17_x86_64.manylinux2014_x86_64.whl", hash = "sha256:3f22238da568be8bbd8e0650e12feeb2cfea15eda4f9fc271d3b362a4fa0604d", size = 352350 },
    { url = "https://files.pythonhosted.org/packages/f0/06/7dca84b04987e9df563610aa0bc154ea176e50358af532ab40ffb87434df/jiter-0.9.0-cp313-cp313-manylinux_2_5_i686.manylinux1_i686.whl", hash = "sha256:17f5d55eb856597607562257c8e36c42bc87f16bef52ef7129b7da11afc779f3", size = 384204 },
    { url = "https://files.pythonhosted.org/packages/16/2f/82e1c6020db72f397dd070eec0c85ebc4df7c88967bc86d3ce9864148f28/jiter-0.9.0-cp313-cp313-musllinux_1_1_aarch64.whl", hash = "sha256:6a99bed9fbb02f5bed416d137944419a69aa4c423e44189bc49718859ea83bc5", size = 520322 },
    { url = "https://files.pythonhosted.org/packages/36/fd/4f0cd3abe83ce208991ca61e7e5df915aa35b67f1c0633eb7cf2f2e88ec7/jiter-0.9.0-cp313-cp313-musllinux_1_1_x86_64.whl", hash = "sha256:e057adb0cd1bd39606100be0eafe742de2de88c79df632955b9ab53a086b3c8d", size = 512184 },
    { url = "https://files.pythonhosted.org/packages/a0/3c/8a56f6d547731a0b4410a2d9d16bf39c861046f91f57c98f7cab3d2aa9ce/jiter-0.9.0-cp313-cp313-win32.whl", hash = "sha256:f7e6850991f3940f62d387ccfa54d1a92bd4bb9f89690b53aea36b4364bcab53", size = 206504 },
    { url = "https://files.pythonhosted.org/packages/f4/1c/0c996fd90639acda75ed7fa698ee5fd7d80243057185dc2f63d4c1c9f6b9/jiter-0.9.0-cp313-cp313-win_amd64.whl", hash = "sha256:c8ae3bf27cd1ac5e6e8b7a27487bf3ab5f82318211ec2e1346a5b058756361f7", size = 204943 },
    { url = "https://files.pythonhosted.org/packages/78/0f/77a63ca7aa5fed9a1b9135af57e190d905bcd3702b36aca46a01090d39ad/jiter-0.9.0-cp313-cp313t-macosx_11_0_arm64.whl", hash = "sha256:f0b2827fb88dda2cbecbbc3e596ef08d69bda06c6f57930aec8e79505dc17001", size = 317281 },
    { url = "https://files.pythonhosted.org/packages/f9/39/a3a1571712c2bf6ec4c657f0d66da114a63a2e32b7e4eb8e0b83295ee034/jiter-0.9.0-cp313-cp313t-manylinux_2_17_x86_64.manylinux2014_x86_64.whl", hash = "sha256:062b756ceb1d40b0b28f326cba26cfd575a4918415b036464a52f08632731e5a", size = 350273 },
    { url = "https://files.pythonhosted.org/packages/ee/47/3729f00f35a696e68da15d64eb9283c330e776f3b5789bac7f2c0c4df209/jiter-0.9.0-cp313-cp313t-win_amd64.whl", hash = "sha256:6f7838bc467ab7e8ef9f387bd6de195c43bad82a569c1699cb822f6609dd4cdf", size = 206867 },
]

[[package]]
name = "openai"
version = "1.76.2"
source = { registry = "https://pypi.org/simple" }
dependencies = [
    { name = "anyio" },
    { name = "distro" },
    { name = "httpx" },
    { name = "jiter" },
    { name = "pydantic" },
    { name = "sniffio" },
    { name = "tqdm" },
    { name = "typing-extensions" },
]
sdist = { url = "https://files.pythonhosted.org/packages/d5/48/e767710b07acc1fca1f6b8cacd743102c71b8fdeca603876de0749ec00f1/openai-1.76.2.tar.gz", hash = "sha256:f430c8b848775907405c6eff54621254c96f6444c593c097e0cc3a9f8fdda96f", size = 434922 }
wheels = [
    { url = "https://files.pythonhosted.org/packages/00/5f/aecb820917e93ca9fcac408e998dc22ee0561c308ed58dc8f328e3f7ef14/openai-1.76.2-py3-none-any.whl", hash = "sha256:9c1d9ad59e6e3bea7205eedc9ca66eeebae18d47b527e505a2b0d2fb1538e26e", size = 661253 },
]

[[package]]
name = "pyasn1"
version = "0.4.8"
source = { registry = "https://pypi.org/simple" }
sdist = { url = "https://files.pythonhosted.org/packages/a4/db/fffec68299e6d7bad3d504147f9094830b704527a7fc098b721d38cc7fa7/pyasn1-0.4.8.tar.gz", hash = "sha256:aef77c9fb94a3ac588e87841208bdec464471d9871bd5050a287cc9a475cd0ba", size = 146820 }
wheels = [
    { url = "https://files.pythonhosted.org/packages/62/1e/a94a8d635fa3ce4cfc7f506003548d0a2447ae76fd5ca53932970fe3053f/pyasn1-0.4.8-py2.py3-none-any.whl", hash = "sha256:39c7e2ec30515947ff4e87fb6f456dfc6e84857d34be479c9d4a4ba4bf46aa5d", size = 77145 },
]

[[package]]
name = "pydantic"
version = "2.11.4"
source = { registry = "https://pypi.org/simple" }
dependencies = [
    { name = "annotated-types" },
    { name = "pydantic-core" },
    { name = "typing-extensions" },
    { name = "typing-inspection" },
]
sdist = { url = "https://files.pythonhosted.org/packages/77/ab/5250d56ad03884ab5efd07f734203943c8a8ab40d551e208af81d0257bf2/pydantic-2.11.4.tar.gz", hash = "sha256:32738d19d63a226a52eed76645a98ee07c1f410ee41d93b4afbfa85ed8111c2d", size = 786540 }
wheels = [
    { url = "https://files.pythonhosted.org/packages/e7/12/46b65f3534d099349e38ef6ec98b1a5a81f42536d17e0ba382c28c67ba67/pydantic-2.11.4-py3-none-any.whl", hash = "sha256:d9615eaa9ac5a063471da949c8fc16376a84afb5024688b3ff885693506764eb", size = 443900 },
]

[[package]]
name = "pydantic-core"
version = "2.33.2"
source = { registry = "https://pypi.org/simple" }
dependencies = [
    { name = "typing-extensions" },
]
sdist = { url = "https://files.pythonhosted.org/packages/ad/88/5f2260bdfae97aabf98f1778d43f69574390ad787afb646292a638c923d4/pydantic_core-2.33.2.tar.gz", hash = "sha256:7cb8bc3605c29176e1b105350d2e6474142d7c1bd1d9327c4a9bdb46bf827acc", size = 435195 }
wheels = [
    { url = "https://files.pythonhosted.org/packages/46/8c/99040727b41f56616573a28771b1bfa08a3d3fe74d3d513f01251f79f172/pydantic_core-2.33.2-cp313-cp313-macosx_10_12_x86_64.whl", hash = "sha256:1082dd3e2d7109ad8b7da48e1d4710c8d06c253cbc4a27c1cff4fbcaa97a9e3f", size = 2015688 },
    { url = "https://files.pythonhosted.org/packages/3a/cc/5999d1eb705a6cefc31f0b4a90e9f7fc400539b1a1030529700cc1b51838/pydantic_core-2.33.2-cp313-cp313-macosx_11_0_arm64.whl", hash = "sha256:f517ca031dfc037a9c07e748cefd8d96235088b83b4f4ba8939105d20fa1dcd6", size = 1844808 },
    { url = "https://files.pythonhosted.org/packages/6f/5e/a0a7b8885c98889a18b6e376f344da1ef323d270b44edf8174d6bce4d622/pydantic_core-2.33.2-cp313-cp313-manylinux_2_17_aarch64.manylinux2014_aarch64.whl", hash = "sha256:0a9f2c9dd19656823cb8250b0724ee9c60a82f3cdf68a080979d13092a3b0fef", size = 1885580 },
    { url = "https://files.pythonhosted.org/packages/3b/2a/953581f343c7d11a304581156618c3f592435523dd9d79865903272c256a/pydantic_core-2.33.2-cp313-cp313-manylinux_2_17_armv7l.manylinux2014_armv7l.whl", hash = "sha256:2b0a451c263b01acebe51895bfb0e1cc842a5c666efe06cdf13846c7418caa9a", size = 1973859 },
    { url = "https://files.pythonhosted.org/packages/e6/55/f1a813904771c03a3f97f676c62cca0c0a4138654107c1b61f19c644868b/pydantic_core-2.33.2-cp313-cp313-manylinux_2_17_ppc64le.manylinux2014_ppc64le.whl", hash = "sha256:1ea40a64d23faa25e62a70ad163571c0b342b8bf66d5fa612ac0dec4f069d916", size = 2120810 },
    { url = "https://files.pythonhosted.org/packages/aa/c3/053389835a996e18853ba107a63caae0b9deb4a276c6b472931ea9ae6e48/pydantic_core-2.33.2-cp313-cp313-manylinux_2_17_s390x.manylinux2014_s390x.whl", hash = "sha256:0fb2d542b4d66f9470e8065c5469ec676978d625a8b7a363f07d9a501a9cb36a", size = 2676498 },
    { url = "https://files.pythonhosted.org/packages/eb/3c/f4abd740877a35abade05e437245b192f9d0ffb48bbbbd708df33d3cda37/pydantic_core-2.33.2-cp313-cp313-manylinux_2_17_x86_64.manylinux2014_x86_64.whl", hash = "sha256:9fdac5d6ffa1b5a83bca06ffe7583f5576555e6c8b3a91fbd25ea7780f825f7d", size = 2000611 },
    { url = "https://files.pythonhosted.org/packages/59/a7/63ef2fed1837d1121a894d0ce88439fe3e3b3e48c7543b2a4479eb99c2bd/pydantic_core-2.33.2-cp313-cp313-manylinux_2_5_i686.manylinux1_i686.whl", hash = "sha256:04a1a413977ab517154eebb2d326da71638271477d6ad87a769102f7c2488c56", size = 2107924 },
    { url = "https://files.pythonhosted.org/packages/04/8f/2551964ef045669801675f1cfc3b0d74147f4901c3ffa42be2ddb1f0efc4/pydantic_core-2.33.2-cp313-cp313-musllinux_1_1_aarch64.whl", hash = "sha256:c8e7af2f4e0194c22b5b37205bfb293d166a7344a5b0d0eaccebc376546d77d5", size = 2063196 },
    { url = "https://files.pythonhosted.org/packages/26/bd/d9602777e77fc6dbb0c7db9ad356e9a985825547dce5ad1d30ee04903918/pydantic_core-2.33.2-cp313-cp313-musllinux_1_1_armv7l.whl", hash = "sha256:5c92edd15cd58b3c2d34873597a1e20f13094f59cf88068adb18947df5455b4e", size = 2236389 },
    { url = "https://files.pythonhosted.org/packages/42/db/0e950daa7e2230423ab342ae918a794964b053bec24ba8af013fc7c94846/pydantic_core-2.33.2-cp313-cp313-musllinux_1_1_x86_64.whl", hash = "sha256:65132b7b4a1c0beded5e057324b7e16e10910c106d43675d9bd87d4f38dde162", size = 2239223 },
    { url = "https://files.pythonhosted.org/packages/58/4d/4f937099c545a8a17eb52cb67fe0447fd9a373b348ccfa9a87f141eeb00f/pydantic_core-2.33.2-cp313-cp313-win32.whl", hash = "sha256:52fb90784e0a242bb96ec53f42196a17278855b0f31ac7c3cc6f5c1ec4811849", size = 1900473 },
    { url = "https://files.pythonhosted.org/packages/a0/75/4a0a9bac998d78d889def5e4ef2b065acba8cae8c93696906c3a91f310ca/pydantic_core-2.33.2-cp313-cp313-win_amd64.whl", hash = "sha256:c083a3bdd5a93dfe480f1125926afcdbf2917ae714bdb80b36d34318b2bec5d9", size = 1955269 },
    { url = "https://files.pythonhosted.org/packages/f9/86/1beda0576969592f1497b4ce8e7bc8cbdf614c352426271b1b10d5f0aa64/pydantic_core-2.33.2-cp313-cp313-win_arm64.whl", hash = "sha256:e80b087132752f6b3d714f041ccf74403799d3b23a72722ea2e6ba2e892555b9", size = 1893921 },
    { url = "https://files.pythonhosted.org/packages/a4/7d/e09391c2eebeab681df2b74bfe6c43422fffede8dc74187b2b0bf6fd7571/pydantic_core-2.33.2-cp313-cp313t-macosx_11_0_arm64.whl", hash = "sha256:61c18fba8e5e9db3ab908620af374db0ac1baa69f0f32df4f61ae23f15e586ac", size = 1806162 },
    { url = "https://files.pythonhosted.org/packages/f1/3d/847b6b1fed9f8ed3bb95a9ad04fbd0b212e832d4f0f50ff4d9ee5a9f15cf/pydantic_core-2.33.2-cp313-cp313t-manylinux_2_17_x86_64.manylinux2014_x86_64.whl", hash = "sha256:95237e53bb015f67b63c91af7518a62a8660376a6a0db19b89acc77a4d6199f5", size = 1981560 },
    { url = "https://files.pythonhosted.org/packages/6f/9a/e73262f6c6656262b5fdd723ad90f518f579b7bc8622e43a942eec53c938/pydantic_core-2.33.2-cp313-cp313t-win_amd64.whl", hash = "sha256:c2fc0a768ef76c15ab9238afa6da7f69895bb5d1ee83aeea2e3509af4472d0b9", size = 1935777 },
]

[[package]]
name = "pydantic-settings"
version = "2.9.1"
source = { registry = "https://pypi.org/simple" }
dependencies = [
    { name = "pydantic" },
    { name = "python-dotenv" },
    { name = "typing-inspection" },
]
sdist = { url = "https://files.pythonhosted.org/packages/67/1d/42628a2c33e93f8e9acbde0d5d735fa0850f3e6a2f8cb1eb6c40b9a732ac/pydantic_settings-2.9.1.tar.gz", hash = "sha256:c509bf79d27563add44e8446233359004ed85066cd096d8b510f715e6ef5d268", size = 163234 }
wheels = [
    { url = "https://files.pythonhosted.org/packages/b6/5f/d6d641b490fd3ec2c4c13b4244d68deea3a1b970a97be64f34fb5504ff72/pydantic_settings-2.9.1-py3-none-any.whl", hash = "sha256:59b4f431b1defb26fe620c71a7d3968a710d719f5f4cdbbdb7926edeb770f6ef", size = 44356 },
]

[[package]]
name = "pydub"
version = "0.25.1"
source = { registry = "https://pypi.org/simple" }
sdist = { url = "https://files.pythonhosted.org/packages/fe/9a/e6bca0eed82db26562c73b5076539a4a08d3cffd19c3cc5913a3e61145fd/pydub-0.25.1.tar.gz", hash = "sha256:980a33ce9949cab2a569606b65674d748ecbca4f0796887fd6f46173a7b0d30f", size = 38326 }
wheels = [
    { url = "https://files.pythonhosted.org/packages/a6/53/d78dc063216e62fc55f6b2eebb447f6a4b0a59f55c8406376f76bf959b08/pydub-0.25.1-py2.py3-none-any.whl", hash = "sha256:65617e33033874b59d87db603aa1ed450633288aefead953b30bded59cb599a6", size = 32327 },
]

[[package]]
name = "python-dotenv"
version = "1.1.0"
source = { registry = "https://pypi.org/simple" }
sdist = { url = "https://files.pythonhosted.org/packages/88/2c/7bb1416c5620485aa793f2de31d3df393d3686aa8a8506d11e10e13c5baf/python_dotenv-1.1.0.tar.gz", hash = "sha256:41f90bc6f5f177fb41f53e87666db362025010eb28f60a01c9143bfa33a2b2d5", size = 39920 }
wheels = [
    { url = "https://files.pythonhosted.org/packages/1e/18/98a99ad95133c6a6e2005fe89faedf294a748bd5dc803008059409ac9b1e/python_dotenv-1.1.0-py3-none-any.whl", hash = "sha256:d7c01d9e2293916c18baf562d95698754b0dbbb5e74d457c45d4f6561fb9d55d", size = 20256 },
]

[[package]]
name = "python-jose"
version = "3.4.0"
source = { registry = "https://pypi.org/simple" }
dependencies = [
    { name = "ecdsa" },
    { name = "pyasn1" },
    { name = "rsa" },
]
sdist = { url = "https://files.pythonhosted.org/packages/8e/a0/c49687cf40cb6128ea4e0559855aff92cd5ebd1a60a31c08526818c0e51e/python-jose-3.4.0.tar.gz", hash = "sha256:9a9a40f418ced8ecaf7e3b28d69887ceaa76adad3bcaa6dae0d9e596fec1d680", size = 92145 }
wheels = [
    { url = "https://files.pythonhosted.org/packages/63/b0/2586ea6b6fd57a994ece0b56418cbe93fff0efb85e2c9eb6b0caf24a4e37/python_jose-3.4.0-py2.py3-none-any.whl", hash = "sha256:9c9f616819652d109bd889ecd1e15e9a162b9b94d682534c9c2146092945b78f", size = 34616 },
]

[[package]]
name = "python-multipart"
version = "0.0.20"
source = { registry = "https://pypi.org/simple" }
sdist = { url = "https://files.pythonhosted.org/packages/f3/87/f44d7c9f274c7ee665a29b885ec97089ec5dc034c7f3fafa03da9e39a09e/python_multipart-0.0.20.tar.gz", hash = "sha256:8dd0cab45b8e23064ae09147625994d090fa46f5b0d1e13af944c331a7fa9d13", size = 37158 }
wheels = [
    { url = "https://files.pythonhosted.org/packages/45/58/38b5afbc1a800eeea951b9285d3912613f2603bdf897a4ab0f4bd7f405fc/python_multipart-0.0.20-py3-none-any.whl", hash = "sha256:8a62d3a8335e06589fe01f2a3e178cdcc632f3fbe0d492ad9ee0ec35aab1f104", size = 24546 },
]

[[package]]
name = "requests"
version = "2.32.3"
source = { registry = "https://pypi.org/simple" }
dependencies = [
    { name = "certifi" },
    { name = "charset-normalizer" },
    { name = "idna" },
    { name = "urllib3" },
]
sdist = { url = "https://files.pythonhosted.org/packages/63/70/2bf7780ad2d390a8d301ad0b550f1581eadbd9a20f896afe06353c2a2913/requests-2.32.3.tar.gz", hash = "sha256:55365417734eb18255590a9ff9eb97e9e1da868d4ccd6402399eaf68af20a760", size = 131218 }
wheels = [
    { url = "https://files.pythonhosted.org/packages/f9/9b/335f9764261e915ed497fcdeb11df5dfd6f7bf257d4a6a2a686d80da4d54/requests-2.32.3-py3-none-any.whl", hash = "sha256:70761cfe03c773ceb22aa2f671b4757976145175cdfca038c02654d061d6dcc6", size = 64928 },
]

[[package]]
name = "rsa"
version = "4.9.1"
source = { registry = "https://pypi.org/simple" }
dependencies = [
    { name = "pyasn1" },
]
sdist = { url = "https://files.pythonhosted.org/packages/da/8a/22b7beea3ee0d44b1916c0c1cb0ee3af23b700b6da9f04991899d0c555d4/rsa-4.9.1.tar.gz", hash = "sha256:e7bdbfdb5497da4c07dfd35530e1a902659db6ff241e39d9953cad06ebd0ae75", size = 29034 }
wheels = [
    { url = "https://files.pythonhosted.org/packages/64/8d/0133e4eb4beed9e425d9a98ed6e081a55d195481b7632472be1af08d2f6b/rsa-4.9.1-py3-none-any.whl", hash = "sha256:68635866661c6836b8d39430f97a996acbd61bfa49406748ea243539fe239762", size = 34696 },
]

[[package]]
name = "sfl-server"
version = "0.1.0"
source = { virtual = "." }
dependencies = [
    { name = "audioop-lts" },
    { name = "fastapi" },
    { name = "openai" },
    { name = "pydantic" },
    { name = "pydantic-settings" },
    { name = "pydub" },
    { name = "python-jose" },
    { name = "python-multipart" },
    { name = "requests" },
    { name = "uvicorn" },
]

[package.metadata]
requires-dist = [
    { name = "audioop-lts", marker = "python_full_version >= '3.13'" },
    { name = "fastapi" },
    { name = "openai", specifier = ">=1.76.2" },
    { name = "pydantic" },
    { name = "pydantic-settings" },
    { name = "pydub", specifier = ">=0.25.1" },
    { name = "python-jose", specifier = ">=3.4.0" },
    { name = "python-multipart", specifier = ">=0.0.20" },
    { name = "requests", specifier = ">=2.31.0" },
    { name = "uvicorn" },
]

[[package]]
name = "six"
version = "1.17.0"
source = { registry = "https://pypi.org/simple" }
sdist = { url = "https://files.pythonhosted.org/packages/94/e7/b2c673351809dca68a0e064b6af791aa332cf192da575fd474ed7d6f16a2/six-1.17.0.tar.gz", hash = "sha256:ff70335d468e7eb6ec65b95b99d3a2836546063f63acc5171de367e834932a81", size = 34031 }
wheels = [
    { url = "https://files.pythonhosted.org/packages/b7/ce/149a00dd41f10bc29e5921b496af8b574d8413afcd5e30dfa0ed46c2cc5e/six-1.17.0-py2.py3-none-any.whl", hash = "sha256:4721f391ed90541fddacab5acf947aa0d3dc7d27b2e1e8eda2be8970586c3274", size = 11050 },
]

[[package]]
name = "sniffio"
version = "1.3.1"
source = { registry = "https://pypi.org/simple" }
sdist = { url = "https://files.pythonhosted.org/packages/a2/87/a6771e1546d97e7e041b6ae58d80074f81b7d5121207425c964ddf5cfdbd/sniffio-1.3.1.tar.gz", hash = "sha256:f4324edc670a0f49750a81b895f35c3adb843cca46f0530f79fc1babb23789dc", size = 20372 }
wheels = [
    { url = "https://files.pythonhosted.org/packages/e9/44/75a9c9421471a6c4805dbf2356f7c181a29c1879239abab1ea2cc8f38b40/sniffio-1.3.1-py3-none-any.whl", hash = "sha256:2f6da418d1f1e0fddd844478f41680e794e6051915791a034ff65e5f100525a2", size = 10235 },
]

[[package]]
name = "starlette"
version = "0.46.2"
source = { registry = "https://pypi.org/simple" }
dependencies = [
    { name = "anyio" },
]
sdist = { url = "https://files.pythonhosted.org/packages/ce/20/08dfcd9c983f6a6f4a1000d934b9e6d626cff8d2eeb77a89a68eef20a2b7/starlette-0.46.2.tar.gz", hash = "sha256:7f7361f34eed179294600af672f565727419830b54b7b084efe44bb82d2fccd5", size = 2580846 }
wheels = [
    { url = "https://files.pythonhosted.org/packages/8b/0c/9d30a4ebeb6db2b25a841afbb80f6ef9a854fc3b41be131d249a977b4959/starlette-0.46.2-py3-none-any.whl", hash = "sha256:595633ce89f8ffa71a015caed34a5b2dc1c0cdb3f0f1fbd1e69339cf2abeec35", size = 72037 },
]

[[package]]
name = "tqdm"
version = "4.67.1"
source = { registry = "https://pypi.org/simple" }
dependencies = [
    { name = "colorama", marker = "sys_platform == 'win32'" },
]
sdist = { url = "https://files.pythonhosted.org/packages/a8/4b/29b4ef32e036bb34e4ab51796dd745cdba7ed47ad142a9f4a1eb8e0c744d/tqdm-4.67.1.tar.gz", hash = "sha256:f8aef9c52c08c13a65f30ea34f4e5aac3fd1a34959879d7e59e63027286627f2", size = 169737 }
wheels = [
    { url = "https://files.pythonhosted.org/packages/d0/30/dc54f88dd4a2b5dc8a0279bdd7270e735851848b762aeb1c1184ed1f6b14/tqdm-4.67.1-py3-none-any.whl", hash = "sha256:26445eca388f82e72884e0d580d5464cd801a3ea01e63e5601bdff9ba6a48de2", size = 78540 },
]

[[package]]
name = "typing-extensions"
version = "4.13.2"
source = { registry = "https://pypi.org/simple" }
sdist = { url = "https://files.pythonhosted.org/packages/f6/37/23083fcd6e35492953e8d2aaaa68b860eb422b34627b13f2ce3eb6106061/typing_extensions-4.13.2.tar.gz", hash = "sha256:e6c81219bd689f51865d9e372991c540bda33a0379d5573cddb9a3a23f7caaef", size = 106967 }
wheels = [
    { url = "https://files.pythonhosted.org/packages/8b/54/b1ae86c0973cc6f0210b53d508ca3641fb6d0c56823f288d108bc7ab3cc8/typing_extensions-4.13.2-py3-none-any.whl", hash = "sha256:a439e7c04b49fec3e5d3e2beaa21755cadbbdc391694e28ccdd36ca4a1408f8c", size = 45806 },
]

[[package]]
name = "typing-inspection"
version = "0.4.0"
source = { registry = "https://pypi.org/simple" }
dependencies = [
    { name = "typing-extensions" },
]
sdist = { url = "https://files.pythonhosted.org/packages/82/5c/e6082df02e215b846b4b8c0b887a64d7d08ffaba30605502639d44c06b82/typing_inspection-0.4.0.tar.gz", hash = "sha256:9765c87de36671694a67904bf2c96e395be9c6439bb6c87b5142569dcdd65122", size = 76222 }
wheels = [
    { url = "https://files.pythonhosted.org/packages/31/08/aa4fdfb71f7de5176385bd9e90852eaf6b5d622735020ad600f2bab54385/typing_inspection-0.4.0-py3-none-any.whl", hash = "sha256:50e72559fcd2a6367a19f7a7e610e6afcb9fac940c650290eed893d61386832f", size = 14125 },
]

[[package]]
name = "urllib3"
version = "2.4.0"
source = { registry = "https://pypi.org/simple" }
sdist = { url = "https://files.pythonhosted.org/packages/8a/78/16493d9c386d8e60e442a35feac5e00f0913c0f4b7c217c11e8ec2ff53e0/urllib3-2.4.0.tar.gz", hash = "sha256:414bc6535b787febd7567804cc015fee39daab8ad86268f1310a9250697de466", size = 390672 }
wheels = [
    { url = "https://files.pythonhosted.org/packages/6b/11/cc635220681e93a0183390e26485430ca2c7b5f9d33b15c74c2861cb8091/urllib3-2.4.0-py3-none-any.whl", hash = "sha256:4e16665048960a0900c702d4a66415956a584919c03361cac9f1df5c5dd7e813", size = 128680 },
]

[[package]]
name = "uvicorn"
version = "0.34.2"
source = { registry = "https://pypi.org/simple" }
dependencies = [
    { name = "click" },
    { name = "h11" },
]
sdist = { url = "https://files.pythonhosted.org/packages/a6/ae/9bbb19b9e1c450cf9ecaef06463e40234d98d95bf572fab11b4f19ae5ded/uvicorn-0.34.2.tar.gz", hash = "sha256:0e929828f6186353a80b58ea719861d2629d766293b6d19baf086ba31d4f3328", size = 76815 }
wheels = [
    { url = "https://files.pythonhosted.org/packages/b1/4b/4cef6ce21a2aaca9d852a6e84ef4f135d99fcd74fa75105e2fc0c8308acd/uvicorn-0.34.2-py3-none-any.whl", hash = "sha256:deb49af569084536d269fe0a6d67e3754f104cf03aba7c11c40f01aadf33c403", size = 62483 },
]
